
Microsoft Visual Studio Solution File, Format Version 12.00
# Visual Studio Version 16
VisualStudioVersion = 16.0.29609.76
MinimumVisualStudioVersion = 10.0.40219.1
Project("{9A19103F-16F7-4668-BE54-9A1E7A4F7556}") = "MultitenantAPI", "tenantPOC\MultitenantAPI.csproj", "{A2735B7B-E47C-4B13-82EA-63410556B6A3}"
EndProject
Project("{9A19103F-16F7-4668-BE54-9A1E7A4F7556}") = "Common", "Common\Common.csproj", "{306DBC15-49B1-4F54-8928-4337E5A7DC4D}"
EndProject
Project("{9A19103F-16F7-4668-BE54-9A1E7A4F7556}") = "Repository", "Repository\Repository.csproj", "{A399B5C5-D3C7-4D4E-B0AD-756FADDCC6AF}"
EndProject
Project("{9A19103F-16F7-4668-BE54-9A1E7A4F7556}") = "Services", "Services\Services.csproj", "{73595102-D769-45EE-BED6-103A35F393BF}"
EndProject
Project("{9A19103F-16F7-4668-BE54-9A1E7A4F7556}") = "Tests", "Tests\Tests.csproj", "{AC6C77C0-9BFE-4C31-87E1-BAB0CE5F2A37}"
EndProject
Project("{9A19103F-16F7-4668-BE54-9A1E7A4F7556}") = "Multitenant", "Multitenant\Multitenant.csproj", "{5AB9E488-3A62-413D-90E9-5B8C88B0FF3B}"
EndProject
Project("{E53339B2-1760-4266-BCC7-CA923CBCF16C}") = "docker-compose", "docker-compose.dcproj", "{2469B44C-77C8-4848-AC52-F422FBA1A4AD}"
EndProject
Project("{9A19103F-16F7-4668-BE54-9A1E7A4F7556}") = "OdataBusinessQuery", "OdataBusinessQuesry\OdataBusinessQuery.csproj", "{C511B03E-9389-404D-863A-38DEFB7CAFAB}"
EndProject
Global
	GlobalSection(SolutionConfigurationPlatforms) = preSolution
		Debug|Any CPU = Debug|Any CPU
		Release|Any CPU = Release|Any CPU
	EndGlobalSection
	GlobalSection(ProjectConfigurationPlatforms) = postSolution
		{A2735B7B-E47C-4B13-82EA-63410556B6A3}.Debug|Any CPU.ActiveCfg = Debug|Any CPU
		{A2735B7B-E47C-4B13-82EA-63410556B6A3}.Debug|Any CPU.Build.0 = Debug|Any CPU
		{A2735B7B-E47C-4B13-82EA-63410556B6A3}.Release|Any CPU.ActiveCfg = Release|Any CPU
		{A2735B7B-E47C-4B13-82EA-63410556B6A3}.Release|Any CPU.Build.0 = Release|Any CPU
		{306DBC15-49B1-4F54-8928-4337E5A7DC4D}.Debug|Any CPU.ActiveCfg = Debug|Any CPU
		{306DBC15-49B1-4F54-8928-4337E5A7DC4D}.Debug|Any CPU.Build.0 = Debug|Any CPU
		{306DBC15-49B1-4F54-8928-4337E5A7DC4D}.Release|Any CPU.ActiveCfg = Release|Any CPU
		{306DBC15-49B1-4F54-8928-4337E5A7DC4D}.Release|Any CPU.Build.0 = Release|Any CPU
		{A399B5C5-D3C7-4D4E-B0AD-756FADDCC6AF}.Debug|Any CPU.ActiveCfg = Debug|Any CPU
		{A399B5C5-D3C7-4D4E-B0AD-756FADDCC6AF}.Debug|Any CPU.Build.0 = Debug|Any CPU
		{A399B5C5-D3C7-4D4E-B0AD-756FADDCC6AF}.Release|Any CPU.ActiveCfg = Release|Any CPU
		{A399B5C5-D3C7-4D4E-B0AD-756FADDCC6AF}.Release|Any CPU.Build.0 = Release|Any CPU
		{73595102-D769-45EE-BED6-103A35F393BF}.Debug|Any CPU.ActiveCfg = Debug|Any CPU
		{73595102-D769-45EE-BED6-103A35F393BF}.Debug|Any CPU.Build.0 = Debug|Any CPU
		{73595102-D769-45EE-BED6-103A35F393BF}.Release|Any CPU.ActiveCfg = Release|Any CPU
		{73595102-D769-45EE-BED6-103A35F393BF}.Release|Any CPU.Build.0 = Release|Any CPU
		{AC6C77C0-9BFE-4C31-87E1-BAB0CE5F2A37}.Debug|Any CPU.ActiveCfg = Debug|Any CPU
		{AC6C77C0-9BFE-4C31-87E1-BAB0CE5F2A37}.Debug|Any CPU.Build.0 = Debug|Any CPU
		{AC6C77C0-9BFE-4C31-87E1-BAB0CE5F2A37}.Release|Any CPU.ActiveCfg = Release|Any CPU
		{AC6C77C0-9BFE-4C31-87E1-BAB0CE5F2A37}.Release|Any CPU.Build.0 = Release|Any CPU
		{5AB9E488-3A62-413D-90E9-5B8C88B0FF3B}.Debug|Any CPU.ActiveCfg = Debug|Any CPU
		{5AB9E488-3A62-413D-90E9-5B8C88B0FF3B}.Debug|Any CPU.Build.0 = Debug|Any CPU
		{5AB9E488-3A62-413D-90E9-5B8C88B0FF3B}.Release|Any CPU.ActiveCfg = Release|Any CPU
		{5AB9E488-3A62-413D-90E9-5B8C88B0FF3B}.Release|Any CPU.Build.0 = Release|Any CPU
		{2469B44C-77C8-4848-AC52-F422FBA1A4AD}.Debug|Any CPU.ActiveCfg = Debug|Any CPU
		{2469B44C-77C8-4848-AC52-F422FBA1A4AD}.Debug|Any CPU.Build.0 = Debug|Any CPU
		{2469B44C-77C8-4848-AC52-F422FBA1A4AD}.Release|Any CPU.ActiveCfg = Release|Any CPU
		{2469B44C-77C8-4848-AC52-F422FBA1A4AD}.Release|Any CPU.Build.0 = Release|Any CPU
		{C511B03E-9389-404D-863A-38DEFB7CAFAB}.Debug|Any CPU.ActiveCfg = Debug|Any CPU
		{C511B03E-9389-404D-863A-38DEFB7CAFAB}.Debug|Any CPU.Build.0 = Debug|Any CPU
		{C511B03E-9389-404D-863A-38DEFB7CAFAB}.Release|Any CPU.ActiveCfg = Release|Any CPU
		{C511B03E-9389-404D-863A-38DEFB7CAFAB}.Release|Any CPU.Build.0 = Release|Any CPU
	EndGlobalSection
	GlobalSection(SolutionProperties) = preSolution
		HideSolutionNode = FALSE
	EndGlobalSection
	GlobalSection(ExtensibilityGlobals) = postSolution
		SolutionGuid = {8FB484ED-760F-441B-BA73-AEBFEAEA6500}
	EndGlobalSection
EndGlobal
